<?xml version="1.0" encoding="utf-8"?>
<Project ToolsVersion="4.0" xmlns="http://schemas.microsoft.com/developer/msbuild/2003">
  <ItemGroup>
    <Filter Include="Source Files">
      <UniqueIdentifier>{4FC737F1-C7A5-4376-A066-2A32D752A2FF}</UniqueIdentifier>
      <Extensions>cpp;c;cc;cxx;c++;cppm;ixx;def;odl;idl;hpj;bat;asm;asmx</Extensions>
    </Filter>
    <Filter Include="Header Files">
      <UniqueIdentifier>{93995380-89BD-4b04-88EB-625FBE52EBFB}</UniqueIdentifier>
      <Extensions>h;hh;hpp;hxx;h++;hm;inl;inc;ipp;xsd</Extensions>
    </Filter>
    <Filter Include="Resource Files">
      <UniqueIdentifier>{67DA6AB6-F800-4c08-8B7A-83BB121AAD01}</UniqueIdentifier>
      <Extensions>rc;ico;cur;bmp;dlg;rc2;rct;bin;rgs;gif;jpg;jpeg;jpe;resx;tiff;tif;png;wav;mfcribbon-ms</Extensions>
    </Filter>
  </ItemGroup>
  <ItemGroup>
    <ClCompile Include="src\Game.cpp">
      <Filter>Source Files</Filter>
    </ClCompile>
    <ClCompile Include="src\Main.cpp">
      <Filter>Source Files</Filter>
    </ClCompile>
    <ClCompile Include="src\Helpers\CustomMath.cpp">
      <Filter>Source Files</Filter>
    </ClCompile>
    <ClCompile Include="src\GameObjects\Actor.cpp">
      <Filter>Source Files</Filter>
    </ClCompile>
    <ClCompile Include="src\Components\Component.cpp">
      <Filter>Source Files</Filter>
    </ClCompile>
    <ClCompile Include="src\Components\SpriteComponent.cpp">
      <Filter>Source Files</Filter>
    </ClCompile>
    <ClCompile Include="src\Components\AnimSpriteComponent.cpp">
      <Filter>Source Files</Filter>
    </ClCompile>
    <ClCompile Include="src\Components\BGSpriteComponent.cpp">
      <Filter>Source Files</Filter>
    </ClCompile>
    <ClCompile Include="src\Components\MoveComponent.cpp">
      <Filter>Source Files</Filter>
    </ClCompile>
    <ClCompile Include="src\Helpers\Random.cpp">
      <Filter>Source Files</Filter>
    </ClCompile>
    <ClCompile Include="src\Components\InputComponent.cpp">
      <Filter>Source Files</Filter>
    </ClCompile>
    <ClCompile Include="src\Components\CircleComponent.cpp">
      <Filter>Source Files</Filter>
    </ClCompile>
    <ClCompile Include="src\Components\AIState.cpp">
      <Filter>Source Files</Filter>
    </ClCompile>
    <ClCompile Include="src\Components\AIComponent.cpp">
      <Filter>Source Files</Filter>
    </ClCompile>
    <ClCompile Include="src\GameObjects\TowerDefense\Grid.cpp">
      <Filter>Source Files</Filter>
    </ClCompile>
    <ClCompile Include="src\GameObjects\TowerDefense\Tile.cpp">
      <Filter>Source Files</Filter>
    </ClCompile>
    <ClCompile Include="src\GameObjects\TowerDefense\Enemy.cpp">
      <Filter>Source Files</Filter>
    </ClCompile>
    <ClCompile Include="src\GameObjects\TowerDefense\Tower.cpp">
      <Filter>Source Files</Filter>
    </ClCompile>
    <ClCompile Include="src\Components\NavComponent.cpp">
      <Filter>Source Files</Filter>
    </ClCompile>
    <ClCompile Include="src\GameObjects\TowerDefense\Bullet.cpp">
      <Filter>Source Files</Filter>
    </ClCompile>
    <ClCompile Include="src\GameObjects\Asteroids\Asteroid.cpp">
      <Filter>Source Files</Filter>
    </ClCompile>
    <ClCompile Include="src\GameObjects\Asteroids\Laser.cpp">
      <Filter>Source Files</Filter>
    </ClCompile>
    <ClCompile Include="src\GameObjects\Asteroids\Ship.cpp">
      <Filter>Source Files</Filter>
    </ClCompile>
    <ClCompile Include="src\OpenGL\VertexArray.cpp">
      <Filter>Source Files</Filter>
    </ClCompile>
    <ClCompile Include="src\OpenGL\Shader.cpp">
      <Filter>Source Files</Filter>
    </ClCompile>
    <ClCompile Include="src\OpenGL\Texture.cpp">
      <Filter>Source Files</Filter>
    </ClCompile>
  </ItemGroup>
  <ItemGroup>
    <ClInclude Include="src\Game.h">
      <Filter>Header Files</Filter>
    </ClInclude>
    <ClInclude Include="src\GameObjects\Actor.h">
      <Filter>Header Files</Filter>
    </ClInclude>
    <ClInclude Include="src\Helpers\CustomMath.h">
      <Filter>Header Files</Filter>
    </ClInclude>
    <ClInclude Include="src\Components\Component.h">
      <Filter>Header Files</Filter>
    </ClInclude>
    <ClInclude Include="src\Components\SpriteComponent.h">
      <Filter>Header Files</Filter>
    </ClInclude>
    <ClInclude Include="src\Components\AnimSpriteComponent.h">
      <Filter>Header Files</Filter>
    </ClInclude>
    <ClInclude Include="src\Components\BGSpriteComponent.h">
      <Filter>Header Files</Filter>
    </ClInclude>
    <ClInclude Include="src\Components\MoveComponent.h">
      <Filter>Header Files</Filter>
    </ClInclude>
    <ClInclude Include="src\Helpers\Random.h">
      <Filter>Header Files</Filter>
    </ClInclude>
    <ClInclude Include="src\Components\InputComponent.h">
      <Filter>Header Files</Filter>
    </ClInclude>
    <ClInclude Include="src\Components\CircleComponent.h">
      <Filter>Header Files</Filter>
    </ClInclude>
    <ClInclude Include="src\Components\AIState.h">
      <Filter>Header Files</Filter>
    </ClInclude>
    <ClInclude Include="src\Components\AIComponent.h">
      <Filter>Header Files</Filter>
    </ClInclude>
    <ClInclude Include="src\GameObjects\TowerDefense\Grid.h">
      <Filter>Header Files</Filter>
    </ClInclude>
    <ClInclude Include="src\GameObjects\TowerDefense\Tile.h">
      <Filter>Header Files</Filter>
    </ClInclude>
    <ClInclude Include="src\GameObjects\TowerDefense\Enemy.h">
      <Filter>Header Files</Filter>
    </ClInclude>
    <ClInclude Include="src\GameObjects\TowerDefense\Tower.h">
      <Filter>Header Files</Filter>
    </ClInclude>
    <ClInclude Include="src\Components\NavComponent.h">
      <Filter>Header Files</Filter>
    </ClInclude>
    <ClInclude Include="src\GameObjects\TowerDefense\Bullet.h">
      <Filter>Header Files</Filter>
    </ClInclude>
    <ClInclude Include="src\GameObjects\Asteroids\Asteroid.h">
      <Filter>Header Files</Filter>
    </ClInclude>
    <ClInclude Include="src\GameObjects\Asteroids\Laser.h">
      <Filter>Header Files</Filter>
    </ClInclude>
    <ClInclude Include="src\GameObjects\Asteroids\Ship.h">
      <Filter>Header Files</Filter>
    </ClInclude>
    <ClInclude Include="src\OpenGL\VertexArray.h">
      <Filter>Header Files</Filter>
    </ClInclude>
    <ClInclude Include="src\OpenGL\Shader.h">
      <Filter>Header Files</Filter>
    </ClInclude>
    <ClInclude Include="src\OpenGL\Texture.h">
      <Filter>Header Files</Filter>
    </ClInclude>
  </ItemGroup>
  <ItemGroup>
    <Image Include="src\Assets\Asteroids\Asteroid.png">
      <Filter>Resource Files</Filter>
    </Image>
    <Image Include="src\Assets\Asteroids\Laser.png">
      <Filter>Resource Files</Filter>
    </Image>
    <Image Include="src\Assets\Asteroids\Ship.png">
      <Filter>Resource Files</Filter>
    </Image>
    <Image Include="src\Assets\Asteroids\ShipWithThrust.png">
      <Filter>Resource Files</Filter>
    </Image>
    <Image Include="src\Assets\AnimatedShip\Character01.png">
      <Filter>Resource Files</Filter>
    </Image>
    <Image Include="src\Assets\AnimatedShip\Character02.png">
      <Filter>Resource Files</Filter>
    </Image>
    <Image Include="src\Assets\AnimatedShip\Character03.png">
      <Filter>Resource Files</Filter>
    </Image>
    <Image Include="src\Assets\AnimatedShip\Character04.png">
      <Filter>Resource Files</Filter>
    </Image>
    <Image Include="src\Assets\AnimatedShip\Character05.png">
      <Filter>Resource Files</Filter>
    </Image>
    <Image Include="src\Assets\AnimatedShip\Character06.png">
      <Filter>Resource Files</Filter>
    </Image>
    <Image Include="src\Assets\AnimatedShip\Character07.png">
      <Filter>Resource Files</Filter>
    </Image>
    <Image Include="src\Assets\AnimatedShip\Character08.png">
      <Filter>Resource Files</Filter>
    </Image>
    <Image Include="src\Assets\AnimatedShip\Character09.png">
      <Filter>Resource Files</Filter>
    </Image>
    <Image Include="src\Assets\AnimatedShip\Character10.png">
      <Filter>Resource Files</Filter>
    </Image>
    <Image Include="src\Assets\AnimatedShip\Character11.png">
      <Filter>Resource Files</Filter>
    </Image>
    <Image Include="src\Assets\AnimatedShip\Character12.png">
      <Filter>Resource Files</Filter>
    </Image>
    <Image Include="src\Assets\AnimatedShip\Character13.png">
      <Filter>Resource Files</Filter>
    </Image>
    <Image Include="src\Assets\AnimatedShip\Character14.png">
      <Filter>Resource Files</Filter>
    </Image>
    <Image Include="src\Assets\AnimatedShip\Character15.png">
      <Filter>Resource Files</Filter>
    </Image>
    <Image Include="src\Assets\AnimatedShip\Character16.png">
      <Filter>Resource Files</Filter>
    </Image>
    <Image Include="src\Assets\AnimatedShip\Character17.png">
      <Filter>Resource Files</Filter>
    </Image>
    <Image Include="src\Assets\AnimatedShip\Character18.png">
      <Filter>Resource Files</Filter>
    </Image>
    <Image Include="src\Assets\AnimatedShip\Enemy01.png">
      <Filter>Resource Files</Filter>
    </Image>
    <Image Include="src\Assets\AnimatedShip\Enemy02.png">
      <Filter>Resource Files</Filter>
    </Image>
    <Image Include="src\Assets\AnimatedShip\Enemy03.png">
      <Filter>Resource Files</Filter>
    </Image>
    <Image Include="src\Assets\AnimatedShip\Enemy04.png">
      <Filter>Resource Files</Filter>
    </Image>
    <Image Include="src\Assets\AnimatedShip\Enemy05.png">
      <Filter>Resource Files</Filter>
    </Image>
    <Image Include="src\Assets\AnimatedShip\Enemy06.png">
      <Filter>Resource Files</Filter>
    </Image>
    <Image Include="src\Assets\AnimatedShip\Farback01.png">
      <Filter>Resource Files</Filter>
    </Image>
    <Image Include="src\Assets\AnimatedShip\Farback02.png">
      <Filter>Resource Files</Filter>
    </Image>
    <Image Include="src\Assets\AnimatedShip\Laser.png">
      <Filter>Resource Files</Filter>
    </Image>
    <Image Include="src\Assets\AnimatedShip\Ship01.png">
      <Filter>Resource Files</Filter>
    </Image>
    <Image Include="src\Assets\AnimatedShip\Ship02.png">
      <Filter>Resource Files</Filter>
    </Image>
    <Image Include="src\Assets\AnimatedShip\Ship03.png">
      <Filter>Resource Files</Filter>
    </Image>
    <Image Include="src\Assets\AnimatedShip\Ship04.png">
      <Filter>Resource Files</Filter>
    </Image>
    <Image Include="src\Assets\AnimatedShip\Stars.png">
      <Filter>Resource Files</Filter>
    </Image>
    <Image Include="src\Assets\AnimatedShip\Tiles.png">
      <Filter>Resource Files</Filter>
    </Image>
    <Image Include="src\Assets\TowerDefense\Airplane.png">
      <Filter>Resource Files</Filter>
    </Image>
    <Image Include="src\Assets\TowerDefense\Base.png">
      <Filter>Resource Files</Filter>
    </Image>
    <Image Include="src\Assets\TowerDefense\Missile.png">
      <Filter>Resource Files</Filter>
    </Image>
    <Image Include="src\Assets\TowerDefense\Projectile.png">
      <Filter>Resource Files</Filter>
    </Image>
    <Image Include="src\Assets\TowerDefense\TileBrown.png">
      <Filter>Resource Files</Filter>
    </Image>
    <Image Include="src\Assets\TowerDefense\TileBrownSelected.png">
      <Filter>Resource Files</Filter>
    </Image>
    <Image Include="src\Assets\TowerDefense\TileGreen.png">
      <Filter>Resource Files</Filter>
    </Image>
    <Image Include="src\Assets\TowerDefense\TileGreenSelected.png">
      <Filter>Resource Files</Filter>
    </Image>
    <Image Include="src\Assets\TowerDefense\TileGrey.png">
      <Filter>Resource Files</Filter>
    </Image>
    <Image Include="src\Assets\TowerDefense\TileGreySelected.png">
      <Filter>Resource Files</Filter>
    </Image>
    <Image Include="src\Assets\TowerDefense\TileTan.png">
      <Filter>Resource Files</Filter>
    </Image>
    <Image Include="src\Assets\TowerDefense\TileTanSelected.png">
      <Filter>Resource Files</Filter>
    </Image>
    <Image Include="src\Assets\TowerDefense\Tower.png">
      <Filter>Resource Files</Filter>
    </Image>
  </ItemGroup>
  <ItemGroup>
    <Text Include="src\Assets\AnimatedShip\Character.txt" />
    <Text Include="src\Assets\AnimatedShip\LICENSE.txt" />
    <Text Include="src\Assets\TowerDefense\LICENSE.txt" />
  </ItemGroup>
  <ItemGroup>
    <None Include="src\Assets\AnimatedShip\MapLayer1.csv" />
    <None Include="src\Assets\AnimatedShip\MapLayer2.csv" />
    <None Include="src\Assets\AnimatedShip\MapLayer3.csv" />
    <None Include="src\Shaders\Basic.vert" />
    <None Include="src\Shaders\Basic.frag" />
    <None Include="src\Shaders\Transform.vert" />
    <None Include="src\Shaders\Sprite.vert" />
    <None Include="src\Shaders\Sprite.frag" />
  </ItemGroup>
</Project>