<?xml version="1.0" encoding="utf-8"?>
<Project ToolsVersion="4.0" xmlns="http://schemas.microsoft.com/developer/msbuild/2003">
  <ItemGroup>
    <Filter Include="Source Files">
      <UniqueIdentifier>{4FC737F1-C7A5-4376-A066-2A32D752A2FF}</UniqueIdentifier>
      <Extensions>cpp;c;cc;cxx;c++;cppm;ixx;def;odl;idl;hpj;bat;asm;asmx</Extensions>
    </Filter>
    <Filter Include="Header Files">
      <UniqueIdentifier>{93995380-89BD-4b04-88EB-625FBE52EBFB}</UniqueIdentifier>
      <Extensions>h;hh;hpp;hxx;h++;hm;inl;inc;ipp;xsd</Extensions>
    </Filter>
    <Filter Include="Resource Files">
      <UniqueIdentifier>{67DA6AB6-F800-4c08-8B7A-83BB121AAD01}</UniqueIdentifier>
      <Extensions>rc;ico;cur;bmp;dlg;rc2;rct;bin;rgs;gif;jpg;jpeg;jpe;resx;tiff;tif;png;wav;mfcribbon-ms</Extensions>
    </Filter>
  </ItemGroup>
  <ItemGroup>
    <ClCompile Include="src\Game.cpp">
      <Filter>Source Files</Filter>
    </ClCompile>
    <ClCompile Include="src\Main.cpp">
      <Filter>Source Files</Filter>
    </ClCompile>
    <ClCompile Include="src\GameObjects\Actor.cpp">
      <Filter>Source Files</Filter>
    </ClCompile>
    <ClCompile Include="src\Components\Component.cpp">
      <Filter>Source Files</Filter>
    </ClCompile>
    <ClCompile Include="src\Components\SpriteComponent.cpp">
      <Filter>Source Files</Filter>
    </ClCompile>
    <ClCompile Include="src\Components\AnimSpriteComponent.cpp">
      <Filter>Source Files</Filter>
    </ClCompile>
    <ClCompile Include="src\Components\BGSpriteComponent.cpp">
      <Filter>Source Files</Filter>
    </ClCompile>
    <ClCompile Include="src\Components\MoveComponent.cpp">
      <Filter>Source Files</Filter>
    </ClCompile>
    <ClCompile Include="src\Components\InputComponent.cpp">
      <Filter>Source Files</Filter>
    </ClCompile>
    <ClCompile Include="src\Components\CircleComponent.cpp">
      <Filter>Source Files</Filter>
    </ClCompile>
    <ClCompile Include="src\Components\AIState.cpp">
      <Filter>Source Files</Filter>
    </ClCompile>
    <ClCompile Include="src\Components\AIComponent.cpp">
      <Filter>Source Files</Filter>
    </ClCompile>
    <ClCompile Include="src\Components\NavComponent.cpp">
      <Filter>Source Files</Filter>
    </ClCompile>
    <ClCompile Include="src\OpenGL\VertexArray.cpp">
      <Filter>Source Files</Filter>
    </ClCompile>
    <ClCompile Include="src\OpenGL\Shader.cpp">
      <Filter>Source Files</Filter>
    </ClCompile>
    <ClCompile Include="src\OpenGL\Texture.cpp">
      <Filter>Source Files</Filter>
    </ClCompile>
    <ClCompile Include="src\OpenGL\Mesh.cpp">
      <Filter>Source Files</Filter>
    </ClCompile>
    <ClCompile Include="src\OpenGL\Renderer.cpp">
      <Filter>Source Files</Filter>
    </ClCompile>
    <ClCompile Include="src\Components\MeshComponent.cpp">
      <Filter>Source Files</Filter>
    </ClCompile>
    <ClCompile Include="src\GameObjects\CameraActor.cpp">
      <Filter>Source Files</Filter>
    </ClCompile>
    <ClCompile Include="src\GameObjects\Asteroids\Ship.cpp">
      <Filter>Source Files</Filter>
    </ClCompile>
    <ClCompile Include="src\GameObjects\PlaneActor.cpp">
      <Filter>Source Files</Filter>
    </ClCompile>
    <ClCompile Include="src\Components\AudioComponent.cpp">
      <Filter>Source Files</Filter>
    </ClCompile>
    <ClCompile Include="src\GameObjects\Camera3rdP.cpp">
      <Filter>Source Files</Filter>
    </ClCompile>
    <ClCompile Include="src\Components\CameraComponent.cpp">
      <Filter>Source Files</Filter>
    </ClCompile>
    <ClCompile Include="src\GameObjects\FPSActor.cpp">
      <Filter>Source Files</Filter>
    </ClCompile>
    <ClCompile Include="src\Components\FPSCamera.cpp">
      <Filter>Source Files</Filter>
    </ClCompile>
    <ClCompile Include="src\GameObjects\FollowActor.cpp">
      <Filter>Source Files</Filter>
    </ClCompile>
    <ClCompile Include="src\Components\FollowCamera.cpp">
      <Filter>Source Files</Filter>
    </ClCompile>
    <ClCompile Include="src\AudioSystem.cpp">
      <Filter>Source Files</Filter>
    </ClCompile>
    <ClCompile Include="src\Collision.cpp">
      <Filter>Source Files</Filter>
    </ClCompile>
    <ClCompile Include="src\CustomMath.cpp">
      <Filter>Source Files</Filter>
    </ClCompile>
    <ClCompile Include="src\InputSystem.cpp">
      <Filter>Source Files</Filter>
    </ClCompile>
    <ClCompile Include="src\Random.cpp">
      <Filter>Source Files</Filter>
    </ClCompile>
    <ClCompile Include="src\SoundEvent.cpp">
      <Filter>Source Files</Filter>
    </ClCompile>
    <ClCompile Include="src\Components\BoxComponent.cpp">
      <Filter>Source Files</Filter>
    </ClCompile>
    <ClCompile Include="src\PhysWorld.cpp">
      <Filter>Source Files</Filter>
    </ClCompile>
    <ClCompile Include="src\GameObjects\BallActor.cpp">
      <Filter>Source Files</Filter>
    </ClCompile>
    <ClCompile Include="src\Components\BallMove.cpp">
      <Filter>Source Files</Filter>
    </ClCompile>
    <ClCompile Include="src\GameObjects\TargetActor.cpp">
      <Filter>Source Files</Filter>
    </ClCompile>
    <ClCompile Include="src\UI\Font.cpp">
      <Filter>Source Files</Filter>
    </ClCompile>
    <ClCompile Include="src\UI\UIScreen.cpp">
      <Filter>Source Files</Filter>
    </ClCompile>
    <ClCompile Include="src\UI\HUD.cpp">
      <Filter>Source Files</Filter>
    </ClCompile>
    <ClCompile Include="src\Components\TargetComponent.cpp">
      <Filter>Source Files</Filter>
    </ClCompile>
    <ClCompile Include="src\UI\PauseMenu.cpp">
      <Filter>Source Files</Filter>
    </ClCompile>
    <ClCompile Include="src\UI\DialogBox.cpp">
      <Filter>Source Files</Filter>
    </ClCompile>
  </ItemGroup>
  <ItemGroup>
    <ClInclude Include="src\Game.h">
      <Filter>Header Files</Filter>
    </ClInclude>
    <ClInclude Include="src\GameObjects\Actor.h">
      <Filter>Header Files</Filter>
    </ClInclude>
    <ClInclude Include="src\Components\Component.h">
      <Filter>Header Files</Filter>
    </ClInclude>
    <ClInclude Include="src\Components\SpriteComponent.h">
      <Filter>Header Files</Filter>
    </ClInclude>
    <ClInclude Include="src\Components\AnimSpriteComponent.h">
      <Filter>Header Files</Filter>
    </ClInclude>
    <ClInclude Include="src\Components\BGSpriteComponent.h">
      <Filter>Header Files</Filter>
    </ClInclude>
    <ClInclude Include="src\Components\MoveComponent.h">
      <Filter>Header Files</Filter>
    </ClInclude>
    <ClInclude Include="src\Components\InputComponent.h">
      <Filter>Header Files</Filter>
    </ClInclude>
    <ClInclude Include="src\Components\CircleComponent.h">
      <Filter>Header Files</Filter>
    </ClInclude>
    <ClInclude Include="src\Components\AIState.h">
      <Filter>Header Files</Filter>
    </ClInclude>
    <ClInclude Include="src\Components\AIComponent.h">
      <Filter>Header Files</Filter>
    </ClInclude>
    <ClInclude Include="src\Components\NavComponent.h">
      <Filter>Header Files</Filter>
    </ClInclude>
    <ClInclude Include="src\OpenGL\VertexArray.h">
      <Filter>Header Files</Filter>
    </ClInclude>
    <ClInclude Include="src\OpenGL\Shader.h">
      <Filter>Header Files</Filter>
    </ClInclude>
    <ClInclude Include="src\OpenGL\Texture.h">
      <Filter>Header Files</Filter>
    </ClInclude>
    <ClInclude Include="src\OpenGL\Renderer.h">
      <Filter>Header Files</Filter>
    </ClInclude>
    <ClInclude Include="src\OpenGL\Mesh.h">
      <Filter>Header Files</Filter>
    </ClInclude>
    <ClInclude Include="src\Components\MeshComponent.h">
      <Filter>Header Files</Filter>
    </ClInclude>
    <ClInclude Include="src\GameObjects\CameraActor.h">
      <Filter>Header Files</Filter>
    </ClInclude>
    <ClInclude Include="src\GameObjects\Asteroids\Ship.h">
      <Filter>Header Files</Filter>
    </ClInclude>
    <ClInclude Include="src\GameObjects\PlaneActor.h">
      <Filter>Header Files</Filter>
    </ClInclude>
    <ClInclude Include="src\Components\AudioComponent.h">
      <Filter>Header Files</Filter>
    </ClInclude>
    <ClInclude Include="src\GameObjects\Camera3rdP.h">
      <Filter>Header Files</Filter>
    </ClInclude>
    <ClInclude Include="src\Components\CameraComponent.h">
      <Filter>Header Files</Filter>
    </ClInclude>
    <ClInclude Include="src\GameObjects\FPSActor.h">
      <Filter>Header Files</Filter>
    </ClInclude>
    <ClInclude Include="src\Components\FPSCamera.h">
      <Filter>Header Files</Filter>
    </ClInclude>
    <ClInclude Include="src\GameObjects\FollowActor.h">
      <Filter>Header Files</Filter>
    </ClInclude>
    <ClInclude Include="src\Components\FollowCamera.h">
      <Filter>Header Files</Filter>
    </ClInclude>
    <ClInclude Include="src\AudioSystem.h">
      <Filter>Header Files</Filter>
    </ClInclude>
    <ClInclude Include="src\Collision.h">
      <Filter>Header Files</Filter>
    </ClInclude>
    <ClInclude Include="src\CustomMath.h">
      <Filter>Header Files</Filter>
    </ClInclude>
    <ClInclude Include="src\InputSystem.h">
      <Filter>Header Files</Filter>
    </ClInclude>
    <ClInclude Include="src\Random.h">
      <Filter>Header Files</Filter>
    </ClInclude>
    <ClInclude Include="src\SoundEvent.h">
      <Filter>Header Files</Filter>
    </ClInclude>
    <ClInclude Include="src\Components\BoxComponent.h">
      <Filter>Header Files</Filter>
    </ClInclude>
    <ClInclude Include="src\PhysWorld.h">
      <Filter>Header Files</Filter>
    </ClInclude>
    <ClInclude Include="src\GameObjects\BallActor.h">
      <Filter>Header Files</Filter>
    </ClInclude>
    <ClInclude Include="src\Components\BallMove.h">
      <Filter>Header Files</Filter>
    </ClInclude>
    <ClInclude Include="src\GameObjects\TargetActor.h">
      <Filter>Header Files</Filter>
    </ClInclude>
    <ClInclude Include="src\UI\Font.h">
      <Filter>Header Files</Filter>
    </ClInclude>
    <ClInclude Include="src\UI\UIScreen.h">
      <Filter>Header Files</Filter>
    </ClInclude>
    <ClInclude Include="src\UI\HUD.h">
      <Filter>Header Files</Filter>
    </ClInclude>
    <ClInclude Include="src\Components\TargetComponent.h">
      <Filter>Header Files</Filter>
    </ClInclude>
    <ClInclude Include="src\UI\PauseMenu.h">
      <Filter>Header Files</Filter>
    </ClInclude>
    <ClInclude Include="src\UI\DialogBox.h">
      <Filter>Header Files</Filter>
    </ClInclude>
  </ItemGroup>
  <ItemGroup>
    <Image Include="src\Assets\Asteroids\Asteroid.png">
      <Filter>Resource Files</Filter>
    </Image>
    <Image Include="src\Assets\Asteroids\Laser.png">
      <Filter>Resource Files</Filter>
    </Image>
    <Image Include="src\Assets\Asteroids\Ship.png">
      <Filter>Resource Files</Filter>
    </Image>
    <Image Include="src\Assets\Asteroids\ShipWithThrust.png">
      <Filter>Resource Files</Filter>
    </Image>
    <Image Include="src\Assets\AnimatedShip\Character01.png">
      <Filter>Resource Files</Filter>
    </Image>
    <Image Include="src\Assets\AnimatedShip\Character02.png">
      <Filter>Resource Files</Filter>
    </Image>
    <Image Include="src\Assets\AnimatedShip\Character03.png">
      <Filter>Resource Files</Filter>
    </Image>
    <Image Include="src\Assets\AnimatedShip\Character04.png">
      <Filter>Resource Files</Filter>
    </Image>
    <Image Include="src\Assets\AnimatedShip\Character05.png">
      <Filter>Resource Files</Filter>
    </Image>
    <Image Include="src\Assets\AnimatedShip\Character06.png">
      <Filter>Resource Files</Filter>
    </Image>
    <Image Include="src\Assets\AnimatedShip\Character07.png">
      <Filter>Resource Files</Filter>
    </Image>
    <Image Include="src\Assets\AnimatedShip\Character08.png">
      <Filter>Resource Files</Filter>
    </Image>
    <Image Include="src\Assets\AnimatedShip\Character09.png">
      <Filter>Resource Files</Filter>
    </Image>
    <Image Include="src\Assets\AnimatedShip\Character10.png">
      <Filter>Resource Files</Filter>
    </Image>
    <Image Include="src\Assets\AnimatedShip\Character11.png">
      <Filter>Resource Files</Filter>
    </Image>
    <Image Include="src\Assets\AnimatedShip\Character12.png">
      <Filter>Resource Files</Filter>
    </Image>
    <Image Include="src\Assets\AnimatedShip\Character13.png">
      <Filter>Resource Files</Filter>
    </Image>
    <Image Include="src\Assets\AnimatedShip\Character14.png">
      <Filter>Resource Files</Filter>
    </Image>
    <Image Include="src\Assets\AnimatedShip\Character15.png">
      <Filter>Resource Files</Filter>
    </Image>
    <Image Include="src\Assets\AnimatedShip\Character16.png">
      <Filter>Resource Files</Filter>
    </Image>
    <Image Include="src\Assets\AnimatedShip\Character17.png">
      <Filter>Resource Files</Filter>
    </Image>
    <Image Include="src\Assets\AnimatedShip\Character18.png">
      <Filter>Resource Files</Filter>
    </Image>
    <Image Include="src\Assets\AnimatedShip\Enemy01.png">
      <Filter>Resource Files</Filter>
    </Image>
    <Image Include="src\Assets\AnimatedShip\Enemy02.png">
      <Filter>Resource Files</Filter>
    </Image>
    <Image Include="src\Assets\AnimatedShip\Enemy03.png">
      <Filter>Resource Files</Filter>
    </Image>
    <Image Include="src\Assets\AnimatedShip\Enemy04.png">
      <Filter>Resource Files</Filter>
    </Image>
    <Image Include="src\Assets\AnimatedShip\Enemy05.png">
      <Filter>Resource Files</Filter>
    </Image>
    <Image Include="src\Assets\AnimatedShip\Enemy06.png">
      <Filter>Resource Files</Filter>
    </Image>
    <Image Include="src\Assets\AnimatedShip\Farback01.png">
      <Filter>Resource Files</Filter>
    </Image>
    <Image Include="src\Assets\AnimatedShip\Farback02.png">
      <Filter>Resource Files</Filter>
    </Image>
    <Image Include="src\Assets\AnimatedShip\Laser.png">
      <Filter>Resource Files</Filter>
    </Image>
    <Image Include="src\Assets\AnimatedShip\Ship01.png">
      <Filter>Resource Files</Filter>
    </Image>
    <Image Include="src\Assets\AnimatedShip\Ship02.png">
      <Filter>Resource Files</Filter>
    </Image>
    <Image Include="src\Assets\AnimatedShip\Ship03.png">
      <Filter>Resource Files</Filter>
    </Image>
    <Image Include="src\Assets\AnimatedShip\Ship04.png">
      <Filter>Resource Files</Filter>
    </Image>
    <Image Include="src\Assets\AnimatedShip\Stars.png">
      <Filter>Resource Files</Filter>
    </Image>
    <Image Include="src\Assets\AnimatedShip\Tiles.png">
      <Filter>Resource Files</Filter>
    </Image>
    <Image Include="src\Assets\TowerDefense\Airplane.png">
      <Filter>Resource Files</Filter>
    </Image>
    <Image Include="src\Assets\TowerDefense\Base.png">
      <Filter>Resource Files</Filter>
    </Image>
    <Image Include="src\Assets\TowerDefense\Missile.png">
      <Filter>Resource Files</Filter>
    </Image>
    <Image Include="src\Assets\TowerDefense\Projectile.png">
      <Filter>Resource Files</Filter>
    </Image>
    <Image Include="src\Assets\TowerDefense\TileBrown.png">
      <Filter>Resource Files</Filter>
    </Image>
    <Image Include="src\Assets\TowerDefense\TileBrownSelected.png">
      <Filter>Resource Files</Filter>
    </Image>
    <Image Include="src\Assets\TowerDefense\TileGreen.png">
      <Filter>Resource Files</Filter>
    </Image>
    <Image Include="src\Assets\TowerDefense\TileGreenSelected.png">
      <Filter>Resource Files</Filter>
    </Image>
    <Image Include="src\Assets\TowerDefense\TileGrey.png">
      <Filter>Resource Files</Filter>
    </Image>
    <Image Include="src\Assets\TowerDefense\TileGreySelected.png">
      <Filter>Resource Files</Filter>
    </Image>
    <Image Include="src\Assets\TowerDefense\TileTan.png">
      <Filter>Resource Files</Filter>
    </Image>
    <Image Include="src\Assets\TowerDefense\TileTanSelected.png">
      <Filter>Resource Files</Filter>
    </Image>
    <Image Include="src\Assets\TowerDefense\Tower.png">
      <Filter>Resource Files</Filter>
    </Image>
    <Image Include="src\Assets\3DGraphics\Cube.png">
      <Filter>Resource Files</Filter>
    </Image>
    <Image Include="src\Assets\3DGraphics\Default.png">
      <Filter>Resource Files</Filter>
    </Image>
    <Image Include="src\Assets\3DGraphics\HealthBar.png">
      <Filter>Resource Files</Filter>
    </Image>
    <Image Include="src\Assets\3DGraphics\Plane.png">
      <Filter>Resource Files</Filter>
    </Image>
    <Image Include="src\Assets\3DGraphics\Radar.png">
      <Filter>Resource Files</Filter>
    </Image>
    <Image Include="src\Assets\3DGraphics\Sphere.png">
      <Filter>Resource Files</Filter>
    </Image>
  </ItemGroup>
  <ItemGroup>
    <Text Include="src\Assets\AnimatedShip\Character.txt" />
    <Text Include="src\Assets\AnimatedShip\LICENSE.txt" />
    <Text Include="src\Assets\TowerDefense\LICENSE.txt" />
  </ItemGroup>
  <ItemGroup>
    <None Include="src\Assets\AnimatedShip\MapLayer1.csv" />
    <None Include="src\Assets\AnimatedShip\MapLayer2.csv" />
    <None Include="src\Assets\AnimatedShip\MapLayer3.csv" />
    <None Include="src\Shaders\Basic.vert" />
    <None Include="src\Shaders\Basic.frag" />
    <None Include="src\Shaders\Transform.vert" />
    <None Include="src\Shaders\Sprite.vert" />
    <None Include="src\Shaders\Sprite.frag" />
    <None Include="src\Shaders\BasicMesh.vert" />
    <None Include="src\Shaders\BasicMesh.frag" />
    <None Include="src\Assets\3DGraphics\Cube.gpmesh" />
    <None Include="src\Assets\3DGraphics\Plane.gpmesh" />
    <None Include="src\Assets\3DGraphics\Sphere.gpmesh" />
    <None Include="src\Shaders\Phong.frag" />
    <None Include="src\Shaders\Phong.vert" />
  </ItemGroup>
</Project>